
Microsoft Visual Studio Solution File, Format Version 12.00
# Visual Studio Version 17
VisualStudioVersion = 17.8.34330.188
MinimumVisualStudioVersion = 10.0.40219.1
Project("{FAE04EC0-301F-11D3-BF4B-00C04F79EFBC}") = "Stock_Project", "Stock_Project\Stock_Project.csproj", "{8D9C99D6-A93E-4CCB-BDDC-E741B647974B}"
EndProject
Global
	GlobalSection(SolutionConfigurationPlatforms) = preSolution
		Debug|Any CPU = Debug|Any CPU
		Release|Any CPU = Release|Any CPU
	EndGlobalSection
	GlobalSection(ProjectConfigurationPlatforms) = postSolution
		{8D9C99D6-A93E-4CCB-BDDC-E741B647974B}.Debug|Any CPU.ActiveCfg = Debug|Any CPU
		{8D9C99D6-A93E-4CCB-BDDC-E741B647974B}.Debug|Any CPU.Build.0 = Debug|Any CPU
		{8D9C99D6-A93E-4CCB-BDDC-E741B647974B}.Release|Any CPU.ActiveCfg = Release|Any CPU
		{8D9C99D6-A93E-4CCB-BDDC-E741B647974B}.Release|Any CPU.Build.0 = Release|Any CPU
	EndGlobalSection
	GlobalSection(SolutionProperties) = preSolution
		HideSolutionNode = FALSE
	EndGlobalSection
	GlobalSection(ExtensibilityGlobals) = postSolution
		SolutionGuid = {B292711F-4592-4E95-8F2C-285806C5BA35}
	EndGlobalSection
EndGlobal
